# THIS IS AN AUTOGENERATED FILE. DO NOT EDIT THIS FILE DIRECTLY.
# yarn lockfile v1


"@react-navigation/elements@^1.1.0":
  version "1.1.0"
  resolved "https://registry.yarnpkg.com/@react-navigation/elements/-/elements-1.1.0.tgz#483155ccf5a8f18d015db283bed34cc2255e2e9e"
  integrity sha512-jZncciZPGuoP6B6f+Wpf6MYSSYy86B2HJDbFTCtT5xZV0w6V9GgCeqvSTOEAxifZrmKl8uDxsr0GrIxgQE8NxA==

"@react-navigation/native-stack@^6.1.0":
  version "6.1.0"
  resolved "https://registry.yarnpkg.com/@react-navigation/native-stack/-/native-stack-6.1.0.tgz#32e50d07bc8d9669d65f72dc4ffec2a6cc9ef379"
  integrity sha512-ta8JQ9n6e7pxrXJ9/MYH57g0xhlV8rzGvQtni6KvBdWqqk0M5QDqIXaUkzXp2wvLMZp7LQmnD4FI/TGG2mQOKA==
  dependencies:
    "@react-navigation/elements" "^1.1.0"
    warn-once "^0.1.0"

warn-once@^0.1.0:
  version "0.1.0"
  resolved "https://registry.yarnpkg.com/warn-once/-/warn-once-0.1.0.tgz#4f58d89b84f968d0389176aa99e0cf0f14ffd4c8"
  integrity sha512-recZTSvuaH/On5ZU5ywq66y99lImWqzP93+AiUo9LUwG8gXHW+LJjhOd6REJHm7qb0niYqrEQJvbHSQfuJtTqA==
