# This file is generated by running "yarn install" inside your project.
# Manual changes might be lost - proceed with caution!

__metadata:
  version: 5
  cacheKey: 8

"@zeit/schemas@npm:2.6.0":
  version: 2.6.0
  resolution: "@zeit/schemas@npm:2.6.0"
  checksum: 7f2175ee34fad1a37da20882f9cda038ebb43a99ceaf30877f1676044669adde714ee56de6f1fcb57214dfa4479995a63fb2d053fe9f877b6852cdc1e4da574c
  languageName: node
  linkType: hard

"accepts@npm:~1.3.5":
  version: 1.3.8
  resolution: "accepts@npm:1.3.8"
  dependencies:
    mime-types: ~2.1.34
    negotiator: 0.6.3
  checksum: 50c43d32e7b50285ebe84b613ee4a3aa426715a7d131b65b786e2ead0fd76b6b60091b9916d3478a75f11f162628a2139991b6c03ab3f1d9ab7c86075dc8eab4
  languageName: node
  linkType: hard

"ajv@npm:6.12.6":
  version: 6.12.6
  resolution: "ajv@npm:6.12.6"
  dependencies:
    fast-deep-equal: ^3.1.1
    fast-json-stable-stringify: ^2.0.0
    json-schema-traverse: ^0.4.1
    uri-js: ^4.2.2
  checksum: 874972efe5c4202ab0a68379481fbd3d1b5d0a7bd6d3cc21d40d3536ebff3352a2a1fabb632d4fd2cc7fe4cbdcd5ed6782084c9bbf7f32a1536d18f9da5007d4
  languageName: node
  linkType: hard

"ansi-align@npm:^3.0.0":
  version: 3.0.1
  resolution: "ansi-align@npm:3.0.1"
  dependencies:
    string-width: ^4.1.0
  checksum: 6abfa08f2141d231c257162b15292467081fa49a208593e055c866aa0455b57f3a86b5a678c190c618faa79b4c59e254493099cb700dd9cf2293c6be2c8f5d8d
  languageName: node
  linkType: hard

"ansi-regex@npm:^5.0.1":
  version: 5.0.1
  resolution: "ansi-regex@npm:5.0.1"
  checksum: 2aa4bb54caf2d622f1afdad09441695af2a83aa3fe8b8afa581d205e57ed4261c183c4d3877cee25794443fde5876417d859c108078ab788d6af7e4fe52eb66b
  languageName: node
  linkType: hard

"ansi-styles@npm:^3.2.1":
  version: 3.2.1
  resolution: "ansi-styles@npm:3.2.1"
  dependencies:
    color-convert: ^1.9.0
  checksum: d85ade01c10e5dd77b6c89f34ed7531da5830d2cb5882c645f330079975b716438cd7ebb81d0d6e6b4f9c577f19ae41ab55f07f19786b02f9dfd9e0377395665
  languageName: node
  linkType: hard

"ansi-styles@npm:^4.0.0, ansi-styles@npm:^4.1.0":
  version: 4.3.0
  resolution: "ansi-styles@npm:4.3.0"
  dependencies:
    color-convert: ^2.0.1
  checksum: 513b44c3b2105dd14cc42a19271e80f386466c4be574bccf60b627432f9198571ebf4ab1e4c3ba17347658f4ee1711c163d574248c0c1cdc2d5917a0ad582ec4
  languageName: node
  linkType: hard

"arch@npm:^2.1.1":
  version: 2.2.0
  resolution: "arch@npm:2.2.0"
  checksum: e21b7635029fe8e9cdd5a026f9a6c659103e63fff423834323cdf836a1bb240a72d0c39ca8c470f84643385cf581bd8eda2cad8bf493e27e54bd9783abe9101f
  languageName: node
  linkType: hard

"arg@npm:2.0.0":
  version: 2.0.0
  resolution: "arg@npm:2.0.0"
  checksum: eeadcfa6160847452ac1973d1c6990e2133e50972d56f80f3601f83a465daa88431cb430cc12101d90b01719361a55a166b03f489143b6ba2acd2304714ebe74
  languageName: node
  linkType: hard

"balanced-match@npm:^1.0.0":
  version: 1.0.2
  resolution: "balanced-match@npm:1.0.2"
  checksum: 9706c088a283058a8a99e0bf91b0a2f75497f185980d9ffa8b304de1d9e58ebda7c72c07ebf01dadedaac5b2907b2c6f566f660d62bd336c3468e960403b9d65
  languageName: node
  linkType: hard

"boxen@npm:5.1.2":
  version: 5.1.2
  resolution: "boxen@npm:5.1.2"
  dependencies:
    ansi-align: ^3.0.0
    camelcase: ^6.2.0
    chalk: ^4.1.0
    cli-boxes: ^2.2.1
    string-width: ^4.2.2
    type-fest: ^0.20.2
    widest-line: ^3.1.0
    wrap-ansi: ^7.0.0
  checksum: 82d03e42a72576ff235123f17b7c505372fe05c83f75f61e7d4fa4bcb393897ec95ce766fecb8f26b915f0f7a7227d66e5ec7cef43f5b2bd9d3aeed47ec55877
  languageName: node
  linkType: hard

"brace-expansion@npm:^1.1.7":
  version: 1.1.11
  resolution: "brace-expansion@npm:1.1.11"
  dependencies:
    balanced-match: ^1.0.0
    concat-map: 0.0.1
  checksum: faf34a7bb0c3fcf4b59c7808bc5d2a96a40988addf2e7e09dfbb67a2251800e0d14cd2bfc1aa79174f2f5095c54ff27f46fb1289fe2d77dac755b5eb3434cc07
  languageName: node
  linkType: hard

"bytes@npm:3.0.0":
  version: 3.0.0
  resolution: "bytes@npm:3.0.0"
  checksum: a2b386dd8188849a5325f58eef69c3b73c51801c08ffc6963eddc9be244089ba32d19347caf6d145c86f315ae1b1fc7061a32b0c1aa6379e6a719090287ed101
  languageName: node
  linkType: hard

"camelcase@npm:^6.2.0":
  version: 6.3.0
  resolution: "camelcase@npm:6.3.0"
  checksum: 8c96818a9076434998511251dcb2761a94817ea17dbdc37f47ac080bd088fc62c7369429a19e2178b993497132c8cbcf5cc1f44ba963e76782ba469c0474938d
  languageName: node
  linkType: hard

"chalk@npm:2.4.1":
  version: 2.4.1
  resolution: "chalk@npm:2.4.1"
  dependencies:
    ansi-styles: ^3.2.1
    escape-string-regexp: ^1.0.5
    supports-color: ^5.3.0
  checksum: 196eb8e99a0c00c6fcef216c794b109fd071931b10ec0f8f305c368fb6d776d0d4857d0028d2cc3561632428d6d94a41d7edf33b506f7540b7c8492f4224d89e
  languageName: node
  linkType: hard

"chalk@npm:^4.1.0":
  version: 4.1.2
  resolution: "chalk@npm:4.1.2"
  dependencies:
    ansi-styles: ^4.1.0
    supports-color: ^7.1.0
  checksum: fe75c9d5c76a7a98d45495b91b2172fa3b7a09e0cc9370e5c8feb1c567b85c4288e2b3fded7cfdd7359ac28d6b3844feb8b82b8686842e93d23c827c417e83fc
  languageName: node
  linkType: hard

"cli-boxes@npm:^2.2.1":
  version: 2.2.1
  resolution: "cli-boxes@npm:2.2.1"
  checksum: be79f8ec23a558b49e01311b39a1ea01243ecee30539c880cf14bf518a12e223ef40c57ead0cb44f509bffdffc5c129c746cd50d863ab879385370112af4f585
  languageName: node
  linkType: hard

"clipboardy@npm:2.3.0":
  version: 2.3.0
  resolution: "clipboardy@npm:2.3.0"
  dependencies:
    arch: ^2.1.1
    execa: ^1.0.0
    is-wsl: ^2.1.1
  checksum: 2733790bc8bbb76a5be7706fa4632f655010774e579a9d3ebe31dc10cf44a2b82cf07b0b6f74162e63048ce32d912193c08c5b5311dce5c19fc641a3bda1292b
  languageName: node
  linkType: hard

"color-convert@npm:^1.9.0":
  version: 1.9.3
  resolution: "color-convert@npm:1.9.3"
  dependencies:
    color-name: 1.1.3
  checksum: fd7a64a17cde98fb923b1dd05c5f2e6f7aefda1b60d67e8d449f9328b4e53b228a428fd38bfeaeb2db2ff6b6503a776a996150b80cdf224062af08a5c8a3a203
  languageName: node
  linkType: hard

"color-convert@npm:^2.0.1":
  version: 2.0.1
  resolution: "color-convert@npm:2.0.1"
  dependencies:
    color-name: ~1.1.4
  checksum: 79e6bdb9fd479a205c71d89574fccfb22bd9053bd98c6c4d870d65c132e5e904e6034978e55b43d69fcaa7433af2016ee203ce76eeba9cfa554b373e7f7db336
  languageName: node
  linkType: hard

"color-name@npm:1.1.3":
  version: 1.1.3
  resolution: "color-name@npm:1.1.3"
  checksum: 09c5d3e33d2105850153b14466501f2bfb30324a2f76568a408763a3b7433b0e50e5b4ab1947868e65cb101bb7cb75029553f2c333b6d4b8138a73fcc133d69d
  languageName: node
  linkType: hard

"color-name@npm:~1.1.4":
  version: 1.1.4
  resolution: "color-name@npm:1.1.4"
  checksum: b0445859521eb4021cd0fb0cc1a75cecf67fceecae89b63f62b201cca8d345baf8b952c966862a9d9a2632987d4f6581f0ec8d957dfacece86f0a7919316f610
  languageName: node
  linkType: hard

"compressible@npm:~2.0.14":
  version: 2.0.18
  resolution: "compressible@npm:2.0.18"
  dependencies:
    mime-db: ">= 1.43.0 < 2"
  checksum: 58321a85b375d39230405654721353f709d0c1442129e9a17081771b816302a012471a9b8f4864c7dbe02eef7f2aaac3c614795197092262e94b409c9be108f0
  languageName: node
  linkType: hard

"compression@npm:1.7.3":
  version: 1.7.3
  resolution: "compression@npm:1.7.3"
  dependencies:
    accepts: ~1.3.5
    bytes: 3.0.0
    compressible: ~2.0.14
    debug: 2.6.9
    on-headers: ~1.0.1
    safe-buffer: 5.1.2
    vary: ~1.1.2
  checksum: f1c24d9d3f30f6ae7ac57a41078ec90ca514112e6d21fc992d1d79d904a2eedb2a96620806f8de9ab85a75dbec94ef9b6dded9a06a6d72faa9bc8c4e3c375072
  languageName: node
  linkType: hard

"concat-map@npm:0.0.1":
  version: 0.0.1
  resolution: "concat-map@npm:0.0.1"
  checksum: 902a9f5d8967a3e2faf138d5cb784b9979bad2e6db5357c5b21c568df4ebe62bcb15108af1b2253744844eb964fc023fbd9afbbbb6ddd0bcc204c6fb5b7bf3af
  languageName: node
  linkType: hard

"content-disposition@npm:0.5.2":
  version: 0.5.2
  resolution: "content-disposition@npm:0.5.2"
  checksum: 298d7da63255a38f7858ee19c7b6aae32b167e911293174b4c1349955e97e78e1d0b0d06c10e229405987275b417cf36ff65cbd4821a98bc9df4e41e9372cde7
  languageName: node
  linkType: hard

"cross-spawn@npm:^6.0.0":
  version: 6.0.5
  resolution: "cross-spawn@npm:6.0.5"
  dependencies:
    nice-try: ^1.0.4
    path-key: ^2.0.1
    semver: ^5.5.0
    shebang-command: ^1.2.0
    which: ^1.2.9
  checksum: f893bb0d96cd3d5751d04e67145bdddf25f99449531a72e82dcbbd42796bbc8268c1076c6b3ea51d4d455839902804b94bc45dfb37ecbb32ea8e54a6741c3ab9
  languageName: node
  linkType: hard

"debug@npm:2.6.9":
  version: 2.6.9
  resolution: "debug@npm:2.6.9"
  dependencies:
    ms: 2.0.0
  checksum: d2f51589ca66df60bf36e1fa6e4386b318c3f1e06772280eea5b1ae9fd3d05e9c2b7fd8a7d862457d00853c75b00451aa2d7459b924629ee385287a650f58fe6
  languageName: node
  linkType: hard

"deep-extend@npm:^0.6.0":
  version: 0.6.0
  resolution: "deep-extend@npm:0.6.0"
  checksum: 7be7e5a8d468d6b10e6a67c3de828f55001b6eb515d014f7aeb9066ce36bd5717161eb47d6a0f7bed8a9083935b465bc163ee2581c8b128d29bf61092fdf57a7
  languageName: node
  linkType: hard

"emoji-regex@npm:^8.0.0":
  version: 8.0.0
  resolution: "emoji-regex@npm:8.0.0"
  checksum: d4c5c39d5a9868b5fa152f00cada8a936868fd3367f33f71be515ecee4c803132d11b31a6222b2571b1e5f7e13890156a94880345594d0ce7e3c9895f560f192
  languageName: node
  linkType: hard

"end-of-stream@npm:^1.1.0":
  version: 1.4.4
  resolution: "end-of-stream@npm:1.4.4"
  dependencies:
    once: ^1.4.0
  checksum: 530a5a5a1e517e962854a31693dbb5c0b2fc40b46dad2a56a2deec656ca040631124f4795823acc68238147805f8b021abbe221f4afed5ef3c8e8efc2024908b
  languageName: node
  linkType: hard

"escape-string-regexp@npm:^1.0.5":
  version: 1.0.5
  resolution: "escape-string-regexp@npm:1.0.5"
  checksum: 6092fda75c63b110c706b6a9bfde8a612ad595b628f0bd2147eea1d3406723020810e591effc7db1da91d80a71a737a313567c5abb3813e8d9c71f4aa595b410
  languageName: node
  linkType: hard

"execa@npm:^1.0.0":
  version: 1.0.0
  resolution: "execa@npm:1.0.0"
  dependencies:
    cross-spawn: ^6.0.0
    get-stream: ^4.0.0
    is-stream: ^1.1.0
    npm-run-path: ^2.0.0
    p-finally: ^1.0.0
    signal-exit: ^3.0.0
    strip-eof: ^1.0.0
  checksum: ddf1342c1c7d02dd93b41364cd847640f6163350d9439071abf70bf4ceb1b9b2b2e37f54babb1d8dc1df8e0d8def32d0e81e74a2e62c3e1d70c303eb4c306bc4
  languageName: node
  linkType: hard

"fast-deep-equal@npm:^3.1.1":
  version: 3.1.3
  resolution: "fast-deep-equal@npm:3.1.3"
  checksum: e21a9d8d84f53493b6aa15efc9cfd53dd5b714a1f23f67fb5dc8f574af80df889b3bce25dc081887c6d25457cce704e636395333abad896ccdec03abaf1f3f9d
  languageName: node
  linkType: hard

"fast-json-stable-stringify@npm:^2.0.0":
  version: 2.1.0
  resolution: "fast-json-stable-stringify@npm:2.1.0"
  checksum: b191531e36c607977e5b1c47811158733c34ccb3bfde92c44798929e9b4154884378536d26ad90dfecd32e1ffc09c545d23535ad91b3161a27ddbb8ebe0cbecb
  languageName: node
  linkType: hard

"fast-url-parser@npm:1.1.3":
  version: 1.1.3
  resolution: "fast-url-parser@npm:1.1.3"
  dependencies:
    punycode: ^1.3.2
  checksum: 5043d0c4a8d775ff58504d56c096563c11b113e4cb8a2668c6f824a1cd4fb3812e2fdf76537eb24a7ce4ae7def6bd9747da630c617cf2a4b6ce0c42514e4f21c
  languageName: node
  linkType: hard

"get-stream@npm:^4.0.0":
  version: 4.1.0
  resolution: "get-stream@npm:4.1.0"
  dependencies:
    pump: ^3.0.0
  checksum: 443e1914170c15bd52ff8ea6eff6dfc6d712b031303e36302d2778e3de2506af9ee964d6124010f7818736dcfde05c04ba7ca6cc26883106e084357a17ae7d73
  languageName: node
  linkType: hard

"has-flag@npm:^3.0.0":
  version: 3.0.0
  resolution: "has-flag@npm:3.0.0"
  checksum: 4a15638b454bf086c8148979aae044dd6e39d63904cd452d970374fa6a87623423da485dfb814e7be882e05c096a7ccf1ebd48e7e7501d0208d8384ff4dea73b
  languageName: node
  linkType: hard

"has-flag@npm:^4.0.0":
  version: 4.0.0
  resolution: "has-flag@npm:4.0.0"
  checksum: 261a1357037ead75e338156b1f9452c016a37dcd3283a972a30d9e4a87441ba372c8b81f818cd0fbcd9c0354b4ae7e18b9e1afa1971164aef6d18c2b6095a8ad
  languageName: node
  linkType: hard

"ini@npm:~1.3.0":
  version: 1.3.8
  resolution: "ini@npm:1.3.8"
  checksum: dfd98b0ca3a4fc1e323e38a6c8eb8936e31a97a918d3b377649ea15bdb15d481207a0dda1021efbd86b464cae29a0d33c1d7dcaf6c5672bee17fa849bc50a1b3
  languageName: node
  linkType: hard

"is-docker@npm:^2.0.0":
  version: 2.2.1
  resolution: "is-docker@npm:2.2.1"
  bin:
    is-docker: cli.js
  checksum: 3fef7ddbf0be25958e8991ad941901bf5922ab2753c46980b60b05c1bf9c9c2402d35e6dc32e4380b980ef5e1970a5d9d5e5aa2e02d77727c3b6b5e918474c56
  languageName: node
  linkType: hard

"is-fullwidth-code-point@npm:^3.0.0":
  version: 3.0.0
  resolution: "is-fullwidth-code-point@npm:3.0.0"
  checksum: 44a30c29457c7fb8f00297bce733f0a64cd22eca270f83e58c105e0d015e45c019491a4ab2faef91ab51d4738c670daff901c799f6a700e27f7314029e99e348
  languageName: node
  linkType: hard

"is-stream@npm:^1.1.0":
  version: 1.1.0
  resolution: "is-stream@npm:1.1.0"
  checksum: 063c6bec9d5647aa6d42108d4c59723d2bd4ae42135a2d4db6eadbd49b7ea05b750fd69d279e5c7c45cf9da753ad2c00d8978be354d65aa9f6bb434969c6a2ae
  languageName: node
  linkType: hard

"is-wsl@npm:^2.1.1":
  version: 2.2.0
  resolution: "is-wsl@npm:2.2.0"
  dependencies:
    is-docker: ^2.0.0
  checksum: 20849846ae414997d290b75e16868e5261e86ff5047f104027026fd61d8b5a9b0b3ade16239f35e1a067b3c7cc02f70183cb661010ed16f4b6c7c93dad1b19d8
  languageName: node
  linkType: hard

"isexe@npm:^2.0.0":
  version: 2.0.0
  resolution: "isexe@npm:2.0.0"
  checksum: 26bf6c5480dda5161c820c5b5c751ae1e766c587b1f951ea3fcfc973bafb7831ae5b54a31a69bd670220e42e99ec154475025a468eae58ea262f813fdc8d1c62
  languageName: node
  linkType: hard

"json-schema-traverse@npm:^0.4.1":
  version: 0.4.1
  resolution: "json-schema-traverse@npm:0.4.1"
  checksum: 7486074d3ba247769fda17d5181b345c9fb7d12e0da98b22d1d71a5db9698d8b4bd900a3ec1a4ffdd60846fc2556274a5c894d0c48795f14cb03aeae7b55260b
  languageName: node
  linkType: hard

"mime-db@npm:1.52.0, mime-db@npm:>= 1.43.0 < 2":
  version: 1.52.0
  resolution: "mime-db@npm:1.52.0"
  checksum: 0d99a03585f8b39d68182803b12ac601d9c01abfa28ec56204fa330bc9f3d1c5e14beb049bafadb3dbdf646dfb94b87e24d4ec7b31b7279ef906a8ea9b6a513f
  languageName: node
  linkType: hard

"mime-db@npm:~1.33.0":
  version: 1.33.0
  resolution: "mime-db@npm:1.33.0"
  checksum: 281a0772187c9b8f6096976cb193ac639c6007ac85acdbb8dc1617ed7b0f4777fa001d1b4f1b634532815e60717c84b2f280201d55677fb850c9d45015b50084
  languageName: node
  linkType: hard

"mime-types@npm:2.1.18":
  version: 2.1.18
  resolution: "mime-types@npm:2.1.18"
  dependencies:
    mime-db: ~1.33.0
  checksum: 729265eff1e5a0e87cb7f869da742a610679585167d2f2ec997a7387fc6aedf8e5cad078e99b0164a927bdf3ace34fca27430d6487456ad090cba5594441ba43
  languageName: node
  linkType: hard

"mime-types@npm:~2.1.34":
  version: 2.1.35
  resolution: "mime-types@npm:2.1.35"
  dependencies:
    mime-db: 1.52.0
  checksum: 89a5b7f1def9f3af5dad6496c5ed50191ae4331cc5389d7c521c8ad28d5fdad2d06fd81baf38fed813dc4e46bb55c8145bb0ff406330818c9cf712fb2e9b3836
  languageName: node
  linkType: hard

"minimatch@npm:3.0.4":
  version: 3.0.4
  resolution: "minimatch@npm:3.0.4"
  dependencies:
    brace-expansion: ^1.1.7
  checksum: 66ac295f8a7b59788000ea3749938b0970344c841750abd96694f80269b926ebcafad3deeb3f1da2522978b119e6ae3a5869b63b13a7859a456b3408bd18a078
  languageName: node
  linkType: hard

"minimist@npm:^1.2.0":
  version: 1.2.6
  resolution: "minimist@npm:1.2.6"
  checksum: d15428cd1e11eb14e1233bcfb88ae07ed7a147de251441d61158619dfb32c4d7e9061d09cab4825fdee18ecd6fce323228c8c47b5ba7cd20af378ca4048fb3fb
  languageName: node
  linkType: hard

"ms@npm:2.0.0":
  version: 2.0.0
  resolution: "ms@npm:2.0.0"
  checksum: 0e6a22b8b746d2e0b65a430519934fefd41b6db0682e3477c10f60c76e947c4c0ad06f63ffdf1d78d335f83edee8c0aa928aa66a36c7cd95b69b26f468d527f4
  languageName: node
  linkType: hard

"negotiator@npm:0.6.3":
  version: 0.6.3
  resolution: "negotiator@npm:0.6.3"
  checksum: b8ffeb1e262eff7968fc90a2b6767b04cfd9842582a9d0ece0af7049537266e7b2506dfb1d107a32f06dd849ab2aea834d5830f7f4d0e5cb7d36e1ae55d021d9
  languageName: node
  linkType: hard

"nice-try@npm:^1.0.4":
  version: 1.0.5
  resolution: "nice-try@npm:1.0.5"
  checksum: 0b4af3b5bb5d86c289f7a026303d192a7eb4417231fe47245c460baeabae7277bcd8fd9c728fb6bd62c30b3e15cd6620373e2cf33353b095d8b403d3e8a15aff
  languageName: node
  linkType: hard

"npm-run-path@npm:^2.0.0":
  version: 2.0.2
  resolution: "npm-run-path@npm:2.0.2"
  dependencies:
    path-key: ^2.0.0
  checksum: acd5ad81648ba4588ba5a8effb1d98d2b339d31be16826a118d50f182a134ac523172101b82eab1d01cb4c2ba358e857d54cfafd8163a1ffe7bd52100b741125
  languageName: node
  linkType: hard

"on-headers@npm:~1.0.1":
  version: 1.0.2
  resolution: "on-headers@npm:1.0.2"
  checksum: 2bf13467215d1e540a62a75021e8b318a6cfc5d4fc53af8e8f84ad98dbcea02d506c6d24180cd62e1d769c44721ba542f3154effc1f7579a8288c9f7873ed8e5
  languageName: node
  linkType: hard

"once@npm:^1.3.1, once@npm:^1.4.0":
  version: 1.4.0
  resolution: "once@npm:1.4.0"
  dependencies:
    wrappy: 1
  checksum: cd0a88501333edd640d95f0d2700fbde6bff20b3d4d9bdc521bdd31af0656b5706570d6c6afe532045a20bb8dc0849f8332d6f2a416e0ba6d3d3b98806c7db68
  languageName: node
  linkType: hard

"p-finally@npm:^1.0.0":
  version: 1.0.0
  resolution: "p-finally@npm:1.0.0"
  checksum: 93a654c53dc805dd5b5891bab16eb0ea46db8f66c4bfd99336ae929323b1af2b70a8b0654f8f1eae924b2b73d037031366d645f1fd18b3d30cbd15950cc4b1d4
  languageName: node
  linkType: hard

"path-is-inside@npm:1.0.2":
  version: 1.0.2
  resolution: "path-is-inside@npm:1.0.2"
  checksum: 0b5b6c92d3018b82afb1f74fe6de6338c4c654de4a96123cb343f2b747d5606590ac0c890f956ed38220a4ab59baddfd7b713d78a62d240b20b14ab801fa02cb
  languageName: node
  linkType: hard

"path-key@npm:^2.0.0, path-key@npm:^2.0.1":
  version: 2.0.1
  resolution: "path-key@npm:2.0.1"
  checksum: f7ab0ad42fe3fb8c7f11d0c4f849871e28fbd8e1add65c370e422512fc5887097b9cf34d09c1747d45c942a8c1e26468d6356e2df3f740bf177ab8ca7301ebfd
  languageName: node
  linkType: hard

"path-to-regexp@npm:2.2.1":
  version: 2.2.1
  resolution: "path-to-regexp@npm:2.2.1"
  checksum: b921a74e7576e25b06ad1635abf7e8125a29220d2efc2b71d74b9591f24a27e6f09078fa9a1b27516a097ea0637b7cab79d19b83d7f36a8ef3ef5422770e89d9
  languageName: node
  linkType: hard

"pump@npm:^3.0.0":
  version: 3.0.0
  resolution: "pump@npm:3.0.0"
  dependencies:
    end-of-stream: ^1.1.0
    once: ^1.3.1
  checksum: e42e9229fba14732593a718b04cb5e1cfef8254544870997e0ecd9732b189a48e1256e4e5478148ecb47c8511dca2b09eae56b4d0aad8009e6fac8072923cfc9
  languageName: node
  linkType: hard

"punycode@npm:^1.3.2":
  version: 1.4.1
  resolution: "punycode@npm:1.4.1"
  checksum: fa6e698cb53db45e4628559e557ddaf554103d2a96a1d62892c8f4032cd3bc8871796cae9eabc1bc700e2b6677611521ce5bb1d9a27700086039965d0cf34518
  languageName: node
  linkType: hard

"punycode@npm:^2.1.0":
  version: 2.1.1
  resolution: "punycode@npm:2.1.1"
  checksum: 823bf443c6dd14f669984dea25757b37993f67e8d94698996064035edd43bed8a5a17a9f12e439c2b35df1078c6bec05a6c86e336209eb1061e8025c481168e8
  languageName: node
  linkType: hard

"range-parser@npm:1.2.0":
  version: 1.2.0
  resolution: "range-parser@npm:1.2.0"
  checksum: bdf397f43fedc15c559d3be69c01dedf38444ca7a1610f5bf5955e3f3da6057a892f34691e7ebdd8c7e1698ce18ef6c4d4811f70e658dda3ff230ef741f8423a
  languageName: node
  linkType: hard

"rc@npm:^1.0.1, rc@npm:^1.1.6":
  version: 1.2.8
  resolution: "rc@npm:1.2.8"
  dependencies:
    deep-extend: ^0.6.0
    ini: ~1.3.0
    minimist: ^1.2.0
    strip-json-comments: ~2.0.1
  bin:
    rc: ./cli.js
  checksum: 2e26e052f8be2abd64e6d1dabfbd7be03f80ec18ccbc49562d31f617d0015fbdbcf0f9eed30346ea6ab789e0fdfe4337f033f8016efdbee0df5354751842080e
  languageName: node
  linkType: hard

"registry-auth-token@npm:3.3.2":
  version: 3.3.2
  resolution: "registry-auth-token@npm:3.3.2"
  dependencies:
    rc: ^1.1.6
    safe-buffer: ^5.0.1
  checksum: c9d7ae160a738f1fa825556e3669e6c771d2c0239ce37679f7e8646157a97d0a76464738be075002a1f754ef9bfb913b689f4bbfd5296d28f136fbf98c8c2217
  languageName: node
  linkType: hard

"registry-url@npm:3.1.0":
  version: 3.1.0
  resolution: "registry-url@npm:3.1.0"
  dependencies:
    rc: ^1.0.1
  checksum: 6d223da41b04e1824f5faa63905c6f2e43b216589d72794111573f017352b790aef42cd1f826463062f89d804abb2027e3d9665d2a9a0426a11eedd04d470af3
  languageName: node
  linkType: hard

"safe-buffer@npm:5.1.2":
  version: 5.1.2
  resolution: "safe-buffer@npm:5.1.2"
  checksum: f2f1f7943ca44a594893a852894055cf619c1fbcb611237fc39e461ae751187e7baf4dc391a72125e0ac4fb2d8c5c0b3c71529622e6a58f46b960211e704903c
  languageName: node
  linkType: hard

"safe-buffer@npm:^5.0.1":
  version: 5.2.1
  resolution: "safe-buffer@npm:5.2.1"
  checksum: b99c4b41fdd67a6aaf280fcd05e9ffb0813654894223afb78a31f14a19ad220bba8aba1cb14eddce1fcfb037155fe6de4e861784eb434f7d11ed58d1e70dd491
  languageName: node
  linkType: hard

"semver@npm:^5.5.0":
  version: 5.7.1
  resolution: "semver@npm:5.7.1"
  bin:
    semver: ./bin/semver
  checksum: 57fd0acfd0bac382ee87cd52cd0aaa5af086a7dc8d60379dfe65fea491fb2489b6016400813930ecd61fd0952dae75c115287a1b16c234b1550887117744dfaf
  languageName: node
  linkType: hard

"serve-handler@npm:6.1.3":
  version: 6.1.3
  resolution: "serve-handler@npm:6.1.3"
  dependencies:
    bytes: 3.0.0
    content-disposition: 0.5.2
    fast-url-parser: 1.1.3
    mime-types: 2.1.18
    minimatch: 3.0.4
    path-is-inside: 1.0.2
    path-to-regexp: 2.2.1
    range-parser: 1.2.0
  checksum: 384c1bc10add07a554207f918acaa75af47fcfd8fb89e070faa3468ab45ec5bbc9f976e62d659b6b63404edcf5c54efb7e0a48f3f55946eec83b62b283b9837e
  languageName: node
  linkType: hard

"serve@npm:^13.0.2":
  version: 13.0.2
  resolution: "serve@npm:13.0.2"
  dependencies:
    "@zeit/schemas": 2.6.0
    ajv: 6.12.6
    arg: 2.0.0
    boxen: 5.1.2
    chalk: 2.4.1
    clipboardy: 2.3.0
    compression: 1.7.3
    serve-handler: 6.1.3
    update-check: 1.5.2
  bin:
    serve: bin/serve.js
  checksum: abc6ad27d5702f1311c18f185666f674e1df3fc80cf025ae75c3fd679275b4652f0cd55a718d6bdc2435702387b6d7ae0c54c1425fe347f61255430b13365e04
  languageName: node
  linkType: hard

"shebang-command@npm:^1.2.0":
  version: 1.2.0
  resolution: "shebang-command@npm:1.2.0"
  dependencies:
    shebang-regex: ^1.0.0
  checksum: 9eed1750301e622961ba5d588af2212505e96770ec376a37ab678f965795e995ade7ed44910f5d3d3cb5e10165a1847f52d3348c64e146b8be922f7707958908
  languageName: node
  linkType: hard

"shebang-regex@npm:^1.0.0":
  version: 1.0.0
  resolution: "shebang-regex@npm:1.0.0"
  checksum: 404c5a752cd40f94591dfd9346da40a735a05139dac890ffc229afba610854d8799aaa52f87f7e0c94c5007f2c6af55bdcaeb584b56691926c5eaf41dc8f1372
  languageName: node
  linkType: hard

"signal-exit@npm:^3.0.0":
  version: 3.0.7
  resolution: "signal-exit@npm:3.0.7"
  checksum: a2f098f247adc367dffc27845853e9959b9e88b01cb301658cfe4194352d8d2bb32e18467c786a7fe15f1d44b233ea35633d076d5e737870b7139949d1ab6318
  languageName: node
  linkType: hard

"static@workspace:.":
  version: 0.0.0-use.local
  resolution: "static@workspace:."
  dependencies:
    serve: ^13.0.2
  languageName: unknown
  linkType: soft

"string-width@npm:^4.0.0, string-width@npm:^4.1.0, string-width@npm:^4.2.2":
  version: 4.2.3
  resolution: "string-width@npm:4.2.3"
  dependencies:
    emoji-regex: ^8.0.0
    is-fullwidth-code-point: ^3.0.0
    strip-ansi: ^6.0.1
  checksum: e52c10dc3fbfcd6c3a15f159f54a90024241d0f149cf8aed2982a2d801d2e64df0bf1dc351cf8e95c3319323f9f220c16e740b06faecd53e2462df1d2b5443fb
  languageName: node
  linkType: hard

"strip-ansi@npm:^6.0.0, strip-ansi@npm:^6.0.1":
  version: 6.0.1
  resolution: "strip-ansi@npm:6.0.1"
  dependencies:
    ansi-regex: ^5.0.1
  checksum: f3cd25890aef3ba6e1a74e20896c21a46f482e93df4a06567cebf2b57edabb15133f1f94e57434e0a958d61186087b1008e89c94875d019910a213181a14fc8c
  languageName: node
  linkType: hard

"strip-eof@npm:^1.0.0":
  version: 1.0.0
  resolution: "strip-eof@npm:1.0.0"
  checksum: 40bc8ddd7e072f8ba0c2d6d05267b4e0a4800898c3435b5fb5f5a21e6e47dfaff18467e7aa0d1844bb5d6274c3097246595841fbfeb317e541974ee992cac506
  languageName: node
  linkType: hard

"strip-json-comments@npm:~2.0.1":
  version: 2.0.1
  resolution: "strip-json-comments@npm:2.0.1"
  checksum: 1074ccb63270d32ca28edfb0a281c96b94dc679077828135141f27d52a5a398ef5e78bcf22809d23cadc2b81dfbe345eb5fd8699b385c8b1128907dec4a7d1e1
  languageName: node
  linkType: hard

"supports-color@npm:^5.3.0":
  version: 5.5.0
  resolution: "supports-color@npm:5.5.0"
  dependencies:
    has-flag: ^3.0.0
  checksum: 95f6f4ba5afdf92f495b5a912d4abee8dcba766ae719b975c56c084f5004845f6f5a5f7769f52d53f40e21952a6d87411bafe34af4a01e65f9926002e38e1dac
  languageName: node
  linkType: hard

"supports-color@npm:^7.1.0":
  version: 7.2.0
  resolution: "supports-color@npm:7.2.0"
  dependencies:
    has-flag: ^4.0.0
  checksum: 3dda818de06ebbe5b9653e07842d9479f3555ebc77e9a0280caf5a14fb877ffee9ed57007c3b78f5a6324b8dbeec648d9e97a24e2ed9fdb81ddc69ea07100f4a
  languageName: node
  linkType: hard

"type-fest@npm:^0.20.2":
  version: 0.20.2
  resolution: "type-fest@npm:0.20.2"
  checksum: 4fb3272df21ad1c552486f8a2f8e115c09a521ad7a8db3d56d53718d0c907b62c6e9141ba5f584af3f6830d0872c521357e512381f24f7c44acae583ad517d73
  languageName: node
  linkType: hard

"update-check@npm:1.5.2":
  version: 1.5.2
  resolution: "update-check@npm:1.5.2"
  dependencies:
    registry-auth-token: 3.3.2
    registry-url: 3.1.0
  checksum: 82b42978610ef616afd374153bcbff5055c6482454f3391fe5df48c0bd9fe63de16733f100f8b8d12cea7b33d094d15bdd01ef329ff123f127ca3dcf2b7dfce5
  languageName: node
  linkType: hard

"uri-js@npm:^4.2.2":
  version: 4.4.1
  resolution: "uri-js@npm:4.4.1"
  dependencies:
    punycode: ^2.1.0
  checksum: 7167432de6817fe8e9e0c9684f1d2de2bb688c94388f7569f7dbdb1587c9f4ca2a77962f134ec90be0cc4d004c939ff0d05acc9f34a0db39a3c797dada262633
  languageName: node
  linkType: hard

"vary@npm:~1.1.2":
  version: 1.1.2
  resolution: "vary@npm:1.1.2"
  checksum: ae0123222c6df65b437669d63dfa8c36cee20a504101b2fcd97b8bf76f91259c17f9f2b4d70a1e3c6bbcee7f51b28392833adb6b2770b23b01abec84e369660b
  languageName: node
  linkType: hard

"which@npm:^1.2.9":
  version: 1.3.1
  resolution: "which@npm:1.3.1"
  dependencies:
    isexe: ^2.0.0
  bin:
    which: ./bin/which
  checksum: f2e185c6242244b8426c9df1510e86629192d93c1a986a7d2a591f2c24869e7ffd03d6dac07ca863b2e4c06f59a4cc9916c585b72ee9fa1aa609d0124df15e04
  languageName: node
  linkType: hard

"widest-line@npm:^3.1.0":
  version: 3.1.0
  resolution: "widest-line@npm:3.1.0"
  dependencies:
    string-width: ^4.0.0
  checksum: 03db6c9d0af9329c37d74378ff1d91972b12553c7d72a6f4e8525fe61563fa7adb0b9d6e8d546b7e059688712ea874edd5ded475999abdeedf708de9849310e0
  languageName: node
  linkType: hard

"wrap-ansi@npm:^7.0.0":
  version: 7.0.0
  resolution: "wrap-ansi@npm:7.0.0"
  dependencies:
    ansi-styles: ^4.0.0
    string-width: ^4.1.0
    strip-ansi: ^6.0.0
  checksum: a790b846fd4505de962ba728a21aaeda189b8ee1c7568ca5e817d85930e06ef8d1689d49dbf0e881e8ef84436af3a88bc49115c2e2788d841ff1b8b5b51a608b
  languageName: node
  linkType: hard

"wrappy@npm:1":
  version: 1.0.2
  resolution: "wrappy@npm:1.0.2"
  checksum: 159da4805f7e84a3d003d8841557196034155008f817172d4e986bd591f74aa82aa7db55929a54222309e01079a65a92a9e6414da5a6aa4b01ee44a511ac3ee5
  languageName: node
  linkType: hard
